<Solution>
  <Project Path="XmlEncodedProjectName.AppHost\XmlEncodedProjectName.AppHost.csproj" />
  <Project Path="XmlEncodedProjectName.ServiceDefaults\XmlEncodedProjectName.ServiceDefaults.csproj" />
  <Project Path="XmlEncodedProjectName.Agent\XmlEncodedProjectName.Agent.csproj" />
<!--#if (IncludeWeb) -->
  <Project Path="XmlEncodedProjectName.Web\XmlEncodedProjectName.Web.csproj" />
<!--#endif -->
<!--#if (IncludeMcp) -->
  <Project Path="XmlEncodedProjectName.Mcp\XmlEncodedProjectName.Mcp.csproj" />
<!--#endif -->
</Solution>
